
Microsoft Visual Studio Solution File, Format Version 12.00
# Visual Studio Version 17
VisualStudioVersion = 17.14.36310.24
MinimumVisualStudioVersion = 10.0.40219.1
Project("{FAE04EC0-301F-11D3-BF4B-00C04F79EFBC}") = "payphone.wallet.businesslogic", "payphone.wallet.businesslogic\payphone.wallet.businesslogic.csproj", "{237D28DA-5DD9-4E2A-8B8F-D7DB1CC9E97D}"
EndProject
Project("{FAE04EC0-301F-11D3-BF4B-00C04F79EFBC}") = "payphone.wallet.persistence", "..\payphone.wallet.persistence\payphone.wallet.persistence\payphone.wallet.persistence.csproj", "{9D336062-BB29-7B6D-02C5-DFC067A660E9}"
EndProject
Project("{FAE04EC0-301F-11D3-BF4B-00C04F79EFBC}") = "payphone.wallet.businesslogicTests", "payphone.wallet.businesslogicTests\payphone.wallet.businesslogicTests.csproj", "{A47CD2E9-6306-4702-900C-B7CAFF4F91A6}"
EndProject
Global
	GlobalSection(SolutionConfigurationPlatforms) = preSolution
		Debug|Any CPU = Debug|Any CPU
		Release|Any CPU = Release|Any CPU
	EndGlobalSection
	GlobalSection(ProjectConfigurationPlatforms) = postSolution
		{237D28DA-5DD9-4E2A-8B8F-D7DB1CC9E97D}.Debug|Any CPU.ActiveCfg = Debug|Any CPU
		{237D28DA-5DD9-4E2A-8B8F-D7DB1CC9E97D}.Debug|Any CPU.Build.0 = Debug|Any CPU
		{237D28DA-5DD9-4E2A-8B8F-D7DB1CC9E97D}.Release|Any CPU.ActiveCfg = Release|Any CPU
		{237D28DA-5DD9-4E2A-8B8F-D7DB1CC9E97D}.Release|Any CPU.Build.0 = Release|Any CPU
		{9D336062-BB29-7B6D-02C5-DFC067A660E9}.Debug|Any CPU.ActiveCfg = Debug|Any CPU
		{9D336062-BB29-7B6D-02C5-DFC067A660E9}.Debug|Any CPU.Build.0 = Debug|Any CPU
		{9D336062-BB29-7B6D-02C5-DFC067A660E9}.Release|Any CPU.ActiveCfg = Release|Any CPU
		{9D336062-BB29-7B6D-02C5-DFC067A660E9}.Release|Any CPU.Build.0 = Release|Any CPU
		{A47CD2E9-6306-4702-900C-B7CAFF4F91A6}.Debug|Any CPU.ActiveCfg = Debug|Any CPU
		{A47CD2E9-6306-4702-900C-B7CAFF4F91A6}.Debug|Any CPU.Build.0 = Debug|Any CPU
		{A47CD2E9-6306-4702-900C-B7CAFF4F91A6}.Release|Any CPU.ActiveCfg = Release|Any CPU
		{A47CD2E9-6306-4702-900C-B7CAFF4F91A6}.Release|Any CPU.Build.0 = Release|Any CPU
	EndGlobalSection
	GlobalSection(SolutionProperties) = preSolution
		HideSolutionNode = FALSE
	EndGlobalSection
	GlobalSection(ExtensibilityGlobals) = postSolution
		SolutionGuid = {78A6FF77-AD98-4867-9974-FA6D135E251D}
	EndGlobalSection
EndGlobal
